
Microsoft Visual Studio Solution File, Format Version 12.00
# Visual Studio Version 16
VisualStudioVersion = 16.0.30717.126
MinimumVisualStudioVersion = 10.0.40219.1
Project("{FAE04EC0-301F-11D3-BF4B-00C04F79EFBC}") = "BlazorAppSSR.Server", "BlazorAppSSR\Server\BlazorAppSSR.Server.csproj", "{154A2AC6-D388-44D3-82F6-8FA587836365}"
EndProject
Project("{FAE04EC0-301F-11D3-BF4B-00C04F79EFBC}") = "BlazorAppSSR.Client", "BlazorAppSSR\Client\BlazorAppSSR.Client.csproj", "{CB53A211-CC7F-4FF1-9AA0-292A63D0E7DE}"
EndProject
Project("{FAE04EC0-301F-11D3-BF4B-00C04F79EFBC}") = "BlazorAppSSR.Shared", "BlazorAppSSR\Shared\BlazorAppSSR.Shared.csproj", "{0B2A2071-3F3B-4D6A-83EA-7D899EDFE3EC}"
EndProject
Global
	GlobalSection(SolutionConfigurationPlatforms) = preSolution
		Debug|Any CPU = Debug|Any CPU
		Release|Any CPU = Release|Any CPU
	EndGlobalSection
	GlobalSection(ProjectConfigurationPlatforms) = postSolution
		{154A2AC6-D388-44D3-82F6-8FA587836365}.Debug|Any CPU.ActiveCfg = Debug|Any CPU
		{154A2AC6-D388-44D3-82F6-8FA587836365}.Debug|Any CPU.Build.0 = Debug|Any CPU
		{154A2AC6-D388-44D3-82F6-8FA587836365}.Release|Any CPU.ActiveCfg = Release|Any CPU
		{154A2AC6-D388-44D3-82F6-8FA587836365}.Release|Any CPU.Build.0 = Release|Any CPU
		{CB53A211-CC7F-4FF1-9AA0-292A63D0E7DE}.Debug|Any CPU.ActiveCfg = Debug|Any CPU
		{CB53A211-CC7F-4FF1-9AA0-292A63D0E7DE}.Debug|Any CPU.Build.0 = Debug|Any CPU
		{CB53A211-CC7F-4FF1-9AA0-292A63D0E7DE}.Release|Any CPU.ActiveCfg = Release|Any CPU
		{CB53A211-CC7F-4FF1-9AA0-292A63D0E7DE}.Release|Any CPU.Build.0 = Release|Any CPU
		{0B2A2071-3F3B-4D6A-83EA-7D899EDFE3EC}.Debug|Any CPU.ActiveCfg = Debug|Any CPU
		{0B2A2071-3F3B-4D6A-83EA-7D899EDFE3EC}.Debug|Any CPU.Build.0 = Debug|Any CPU
		{0B2A2071-3F3B-4D6A-83EA-7D899EDFE3EC}.Release|Any CPU.ActiveCfg = Release|Any CPU
		{0B2A2071-3F3B-4D6A-83EA-7D899EDFE3EC}.Release|Any CPU.Build.0 = Release|Any CPU
	EndGlobalSection
	GlobalSection(SolutionProperties) = preSolution
		HideSolutionNode = FALSE
	EndGlobalSection
	GlobalSection(ExtensibilityGlobals) = postSolution
		SolutionGuid = {248BC148-D16C-4F19-AE19-044F252347C9}
	EndGlobalSection
EndGlobal
